
Microsoft Visual Studio Solution File, Format Version 12.00
# Visual Studio Version 16
VisualStudioVersion = 16.0.31410.357
MinimumVisualStudioVersion = 10.0.40219.1
Project("{FAE04EC0-301F-11D3-BF4B-00C04F79EFBC}") = "KetraExe", "KetraExe\KetraExe.csproj", "{375FD827-9F68-4EE5-AC94-CFA44D5441B8}"
EndProject
Global
	GlobalSection(SolutionConfigurationPlatforms) = preSolution
		Debug|Any CPU = Debug|Any CPU
		Release|Any CPU = Release|Any CPU
	EndGlobalSection
	GlobalSection(ProjectConfigurationPlatforms) = postSolution
		{375FD827-9F68-4EE5-AC94-CFA44D5441B8}.Debug|Any CPU.ActiveCfg = Debug|Any CPU
		{375FD827-9F68-4EE5-AC94-CFA44D5441B8}.Debug|Any CPU.Build.0 = Debug|Any CPU
		{375FD827-9F68-4EE5-AC94-CFA44D5441B8}.Release|Any CPU.ActiveCfg = Release|Any CPU
		{375FD827-9F68-4EE5-AC94-CFA44D5441B8}.Release|Any CPU.Build.0 = Release|Any CPU
	EndGlobalSection
	GlobalSection(SolutionProperties) = preSolution
		HideSolutionNode = FALSE
	EndGlobalSection
	GlobalSection(ExtensibilityGlobals) = postSolution
		SolutionGuid = {D81EEAFB-0994-448B-8D72-EA937C38E449}
	EndGlobalSection
EndGlobal
